
Microsoft Visual Studio Solution File, Format Version 12.00
# Visual Studio Version 17
VisualStudioVersion = 17.0.31903.59
MinimumVisualStudioVersion = 10.0.40219.1
Project("{2150E333-8FDC-42A3-9474-1A3956D46DE8}") = "src", "src", "{827E0CD3-B72D-47B6-A68D-7590B98EB39B}"
EndProject
Project("{FAE04EC0-301F-11D3-BF4B-00C04F79EFBC}") = "csly.generator", "src\csly.generator\csly.generator.csproj", "{00369689-6804-4350-8A48-482BCBDBC3A3}"
EndProject
Project("{FAE04EC0-301F-11D3-BF4B-00C04F79EFBC}") = "sourceGenerationTester", "src\samples\sourceGenerationTester\sourceGenerationTester.csproj", "{57D7674A-7054-4359-9B35-07B2AB4DD4F6}"
EndProject
Project("{FAE04EC0-301F-11D3-BF4B-00C04F79EFBC}") = "expression", "src\samples\expression\expression.csproj", "{FA8BFF79-839A-7C9F-4835-58A8D29B3EE7}"
EndProject
Project("{2150E333-8FDC-42A3-9474-1A3956D46DE8}") = "samples", "samples", "{D1B4CF99-7947-DD6C-81D0-5B5B3989814C}"
EndProject
Project("{FAE04EC0-301F-11D3-BF4B-00C04F79EFBC}") = "extending", "src\samples\extending\extending.csproj", "{66F5E3C5-DE44-4269-8256-F35FE1E4DC90}"
EndProject
Project("{FAE04EC0-301F-11D3-BF4B-00C04F79EFBC}") = "expr", "src\samples\expr\expr.csproj", "{C8388584-E35C-4AE9-A1F3-BC6E56A00F39}"
EndProject
Project("{FAE04EC0-301F-11D3-BF4B-00C04F79EFBC}") = "while", "src\samples\while\while.csproj", "{91DB1462-2A7A-C3EC-22CB-16D94699C829}"
EndProject
Project("{FAE04EC0-301F-11D3-BF4B-00C04F79EFBC}") = "test", "src\test\test.csproj", "{D362BF47-7A16-1187-7CFD-2213D496CB3B}"
EndProject
Project("{FAE04EC0-301F-11D3-BF4B-00C04F79EFBC}") = "jsonparser", "src\samples\jsonparser\jsonparser.csproj", "{99C68548-C281-5476-0D4D-DDFD7C8A6E30}"
EndProject
Project("{FAE04EC0-301F-11D3-BF4B-00C04F79EFBC}") = "jsonGenerator", "src\samples\jsonGenerator\jsonGenerator\jsonGenerator.csproj", "{3805E580-3D8F-487D-B8E6-42C10E3BEABE}"
EndProject
Global
	GlobalSection(SolutionConfigurationPlatforms) = preSolution
		Debug|Any CPU = Debug|Any CPU
		Debug|x64 = Debug|x64
		Debug|x86 = Debug|x86
		Release|Any CPU = Release|Any CPU
		Release|x64 = Release|x64
		Release|x86 = Release|x86
	EndGlobalSection
	GlobalSection(ProjectConfigurationPlatforms) = postSolution
		{00369689-6804-4350-8A48-482BCBDBC3A3}.Debug|Any CPU.ActiveCfg = Debug|Any CPU
		{00369689-6804-4350-8A48-482BCBDBC3A3}.Debug|Any CPU.Build.0 = Debug|Any CPU
		{00369689-6804-4350-8A48-482BCBDBC3A3}.Debug|x64.ActiveCfg = Debug|Any CPU
		{00369689-6804-4350-8A48-482BCBDBC3A3}.Debug|x64.Build.0 = Debug|Any CPU
		{00369689-6804-4350-8A48-482BCBDBC3A3}.Debug|x86.ActiveCfg = Debug|Any CPU
		{00369689-6804-4350-8A48-482BCBDBC3A3}.Debug|x86.Build.0 = Debug|Any CPU
		{00369689-6804-4350-8A48-482BCBDBC3A3}.Release|Any CPU.ActiveCfg = Release|Any CPU
		{00369689-6804-4350-8A48-482BCBDBC3A3}.Release|Any CPU.Build.0 = Release|Any CPU
		{00369689-6804-4350-8A48-482BCBDBC3A3}.Release|x64.ActiveCfg = Release|Any CPU
		{00369689-6804-4350-8A48-482BCBDBC3A3}.Release|x64.Build.0 = Release|Any CPU
		{00369689-6804-4350-8A48-482BCBDBC3A3}.Release|x86.ActiveCfg = Release|Any CPU
		{00369689-6804-4350-8A48-482BCBDBC3A3}.Release|x86.Build.0 = Release|Any CPU
		{57D7674A-7054-4359-9B35-07B2AB4DD4F6}.Debug|Any CPU.ActiveCfg = Debug|Any CPU
		{57D7674A-7054-4359-9B35-07B2AB4DD4F6}.Debug|Any CPU.Build.0 = Debug|Any CPU
		{57D7674A-7054-4359-9B35-07B2AB4DD4F6}.Debug|x64.ActiveCfg = Debug|Any CPU
		{57D7674A-7054-4359-9B35-07B2AB4DD4F6}.Debug|x64.Build.0 = Debug|Any CPU
		{57D7674A-7054-4359-9B35-07B2AB4DD4F6}.Debug|x86.ActiveCfg = Debug|Any CPU
		{57D7674A-7054-4359-9B35-07B2AB4DD4F6}.Debug|x86.Build.0 = Debug|Any CPU
		{57D7674A-7054-4359-9B35-07B2AB4DD4F6}.Release|Any CPU.ActiveCfg = Release|Any CPU
		{57D7674A-7054-4359-9B35-07B2AB4DD4F6}.Release|Any CPU.Build.0 = Release|Any CPU
		{57D7674A-7054-4359-9B35-07B2AB4DD4F6}.Release|x64.ActiveCfg = Release|Any CPU
		{57D7674A-7054-4359-9B35-07B2AB4DD4F6}.Release|x64.Build.0 = Release|Any CPU
		{57D7674A-7054-4359-9B35-07B2AB4DD4F6}.Release|x86.ActiveCfg = Release|Any CPU
		{57D7674A-7054-4359-9B35-07B2AB4DD4F6}.Release|x86.Build.0 = Release|Any CPU
		{FA8BFF79-839A-7C9F-4835-58A8D29B3EE7}.Debug|Any CPU.ActiveCfg = Debug|Any CPU
		{FA8BFF79-839A-7C9F-4835-58A8D29B3EE7}.Debug|Any CPU.Build.0 = Debug|Any CPU
		{FA8BFF79-839A-7C9F-4835-58A8D29B3EE7}.Debug|x64.ActiveCfg = Debug|Any CPU
		{FA8BFF79-839A-7C9F-4835-58A8D29B3EE7}.Debug|x64.Build.0 = Debug|Any CPU
		{FA8BFF79-839A-7C9F-4835-58A8D29B3EE7}.Debug|x86.ActiveCfg = Debug|Any CPU
		{FA8BFF79-839A-7C9F-4835-58A8D29B3EE7}.Debug|x86.Build.0 = Debug|Any CPU
		{FA8BFF79-839A-7C9F-4835-58A8D29B3EE7}.Release|Any CPU.ActiveCfg = Release|Any CPU
		{FA8BFF79-839A-7C9F-4835-58A8D29B3EE7}.Release|Any CPU.Build.0 = Release|Any CPU
		{FA8BFF79-839A-7C9F-4835-58A8D29B3EE7}.Release|x64.ActiveCfg = Release|Any CPU
		{FA8BFF79-839A-7C9F-4835-58A8D29B3EE7}.Release|x64.Build.0 = Release|Any CPU
		{FA8BFF79-839A-7C9F-4835-58A8D29B3EE7}.Release|x86.ActiveCfg = Release|Any CPU
		{FA8BFF79-839A-7C9F-4835-58A8D29B3EE7}.Release|x86.Build.0 = Release|Any CPU
		{66F5E3C5-DE44-4269-8256-F35FE1E4DC90}.Debug|Any CPU.ActiveCfg = Debug|Any CPU
		{66F5E3C5-DE44-4269-8256-F35FE1E4DC90}.Debug|Any CPU.Build.0 = Debug|Any CPU
		{66F5E3C5-DE44-4269-8256-F35FE1E4DC90}.Debug|x64.ActiveCfg = Debug|Any CPU
		{66F5E3C5-DE44-4269-8256-F35FE1E4DC90}.Debug|x64.Build.0 = Debug|Any CPU
		{66F5E3C5-DE44-4269-8256-F35FE1E4DC90}.Debug|x86.ActiveCfg = Debug|Any CPU
		{66F5E3C5-DE44-4269-8256-F35FE1E4DC90}.Debug|x86.Build.0 = Debug|Any CPU
		{66F5E3C5-DE44-4269-8256-F35FE1E4DC90}.Release|Any CPU.ActiveCfg = Release|Any CPU
		{66F5E3C5-DE44-4269-8256-F35FE1E4DC90}.Release|Any CPU.Build.0 = Release|Any CPU
		{66F5E3C5-DE44-4269-8256-F35FE1E4DC90}.Release|x64.ActiveCfg = Release|Any CPU
		{66F5E3C5-DE44-4269-8256-F35FE1E4DC90}.Release|x64.Build.0 = Release|Any CPU
		{66F5E3C5-DE44-4269-8256-F35FE1E4DC90}.Release|x86.ActiveCfg = Release|Any CPU
		{66F5E3C5-DE44-4269-8256-F35FE1E4DC90}.Release|x86.Build.0 = Release|Any CPU
		{C8388584-E35C-4AE9-A1F3-BC6E56A00F39}.Debug|Any CPU.ActiveCfg = Debug|Any CPU
		{C8388584-E35C-4AE9-A1F3-BC6E56A00F39}.Debug|Any CPU.Build.0 = Debug|Any CPU
		{C8388584-E35C-4AE9-A1F3-BC6E56A00F39}.Debug|x64.ActiveCfg = Debug|Any CPU
		{C8388584-E35C-4AE9-A1F3-BC6E56A00F39}.Debug|x64.Build.0 = Debug|Any CPU
		{C8388584-E35C-4AE9-A1F3-BC6E56A00F39}.Debug|x86.ActiveCfg = Debug|Any CPU
		{C8388584-E35C-4AE9-A1F3-BC6E56A00F39}.Debug|x86.Build.0 = Debug|Any CPU
		{C8388584-E35C-4AE9-A1F3-BC6E56A00F39}.Release|Any CPU.ActiveCfg = Release|Any CPU
		{C8388584-E35C-4AE9-A1F3-BC6E56A00F39}.Release|Any CPU.Build.0 = Release|Any CPU
		{C8388584-E35C-4AE9-A1F3-BC6E56A00F39}.Release|x64.ActiveCfg = Release|Any CPU
		{C8388584-E35C-4AE9-A1F3-BC6E56A00F39}.Release|x64.Build.0 = Release|Any CPU
		{C8388584-E35C-4AE9-A1F3-BC6E56A00F39}.Release|x86.ActiveCfg = Release|Any CPU
		{C8388584-E35C-4AE9-A1F3-BC6E56A00F39}.Release|x86.Build.0 = Release|Any CPU
		{91DB1462-2A7A-C3EC-22CB-16D94699C829}.Debug|Any CPU.ActiveCfg = Debug|Any CPU
		{91DB1462-2A7A-C3EC-22CB-16D94699C829}.Debug|Any CPU.Build.0 = Debug|Any CPU
		{91DB1462-2A7A-C3EC-22CB-16D94699C829}.Debug|x64.ActiveCfg = Debug|Any CPU
		{91DB1462-2A7A-C3EC-22CB-16D94699C829}.Debug|x64.Build.0 = Debug|Any CPU
		{91DB1462-2A7A-C3EC-22CB-16D94699C829}.Debug|x86.ActiveCfg = Debug|Any CPU
		{91DB1462-2A7A-C3EC-22CB-16D94699C829}.Debug|x86.Build.0 = Debug|Any CPU
		{91DB1462-2A7A-C3EC-22CB-16D94699C829}.Release|Any CPU.ActiveCfg = Release|Any CPU
		{91DB1462-2A7A-C3EC-22CB-16D94699C829}.Release|Any CPU.Build.0 = Release|Any CPU
		{91DB1462-2A7A-C3EC-22CB-16D94699C829}.Release|x64.ActiveCfg = Release|Any CPU
		{91DB1462-2A7A-C3EC-22CB-16D94699C829}.Release|x64.Build.0 = Release|Any CPU
		{91DB1462-2A7A-C3EC-22CB-16D94699C829}.Release|x86.ActiveCfg = Release|Any CPU
		{91DB1462-2A7A-C3EC-22CB-16D94699C829}.Release|x86.Build.0 = Release|Any CPU
		{D362BF47-7A16-1187-7CFD-2213D496CB3B}.Debug|Any CPU.ActiveCfg = Debug|Any CPU
		{D362BF47-7A16-1187-7CFD-2213D496CB3B}.Debug|Any CPU.Build.0 = Debug|Any CPU
		{D362BF47-7A16-1187-7CFD-2213D496CB3B}.Debug|x64.ActiveCfg = Debug|Any CPU
		{D362BF47-7A16-1187-7CFD-2213D496CB3B}.Debug|x64.Build.0 = Debug|Any CPU
		{D362BF47-7A16-1187-7CFD-2213D496CB3B}.Debug|x86.ActiveCfg = Debug|Any CPU
		{D362BF47-7A16-1187-7CFD-2213D496CB3B}.Debug|x86.Build.0 = Debug|Any CPU
		{D362BF47-7A16-1187-7CFD-2213D496CB3B}.Release|Any CPU.ActiveCfg = Release|Any CPU
		{D362BF47-7A16-1187-7CFD-2213D496CB3B}.Release|Any CPU.Build.0 = Release|Any CPU
		{D362BF47-7A16-1187-7CFD-2213D496CB3B}.Release|x64.ActiveCfg = Release|Any CPU
		{D362BF47-7A16-1187-7CFD-2213D496CB3B}.Release|x64.Build.0 = Release|Any CPU
		{D362BF47-7A16-1187-7CFD-2213D496CB3B}.Release|x86.ActiveCfg = Release|Any CPU
		{D362BF47-7A16-1187-7CFD-2213D496CB3B}.Release|x86.Build.0 = Release|Any CPU
		{99C68548-C281-5476-0D4D-DDFD7C8A6E30}.Debug|Any CPU.ActiveCfg = Debug|Any CPU
		{99C68548-C281-5476-0D4D-DDFD7C8A6E30}.Debug|Any CPU.Build.0 = Debug|Any CPU
		{99C68548-C281-5476-0D4D-DDFD7C8A6E30}.Debug|x64.ActiveCfg = Debug|Any CPU
		{99C68548-C281-5476-0D4D-DDFD7C8A6E30}.Debug|x64.Build.0 = Debug|Any CPU
		{99C68548-C281-5476-0D4D-DDFD7C8A6E30}.Debug|x86.ActiveCfg = Debug|Any CPU
		{99C68548-C281-5476-0D4D-DDFD7C8A6E30}.Debug|x86.Build.0 = Debug|Any CPU
		{99C68548-C281-5476-0D4D-DDFD7C8A6E30}.Release|Any CPU.ActiveCfg = Release|Any CPU
		{99C68548-C281-5476-0D4D-DDFD7C8A6E30}.Release|Any CPU.Build.0 = Release|Any CPU
		{99C68548-C281-5476-0D4D-DDFD7C8A6E30}.Release|x64.ActiveCfg = Release|Any CPU
		{99C68548-C281-5476-0D4D-DDFD7C8A6E30}.Release|x64.Build.0 = Release|Any CPU
		{99C68548-C281-5476-0D4D-DDFD7C8A6E30}.Release|x86.ActiveCfg = Release|Any CPU
		{99C68548-C281-5476-0D4D-DDFD7C8A6E30}.Release|x86.Build.0 = Release|Any CPU
		{3805E580-3D8F-487D-B8E6-42C10E3BEABE}.Debug|Any CPU.ActiveCfg = Debug|Any CPU
		{3805E580-3D8F-487D-B8E6-42C10E3BEABE}.Debug|Any CPU.Build.0 = Debug|Any CPU
		{3805E580-3D8F-487D-B8E6-42C10E3BEABE}.Debug|x64.ActiveCfg = Debug|Any CPU
		{3805E580-3D8F-487D-B8E6-42C10E3BEABE}.Debug|x64.Build.0 = Debug|Any CPU
		{3805E580-3D8F-487D-B8E6-42C10E3BEABE}.Debug|x86.ActiveCfg = Debug|Any CPU
		{3805E580-3D8F-487D-B8E6-42C10E3BEABE}.Debug|x86.Build.0 = Debug|Any CPU
		{3805E580-3D8F-487D-B8E6-42C10E3BEABE}.Release|Any CPU.ActiveCfg = Release|Any CPU
		{3805E580-3D8F-487D-B8E6-42C10E3BEABE}.Release|Any CPU.Build.0 = Release|Any CPU
		{3805E580-3D8F-487D-B8E6-42C10E3BEABE}.Release|x64.ActiveCfg = Release|Any CPU
		{3805E580-3D8F-487D-B8E6-42C10E3BEABE}.Release|x64.Build.0 = Release|Any CPU
		{3805E580-3D8F-487D-B8E6-42C10E3BEABE}.Release|x86.ActiveCfg = Release|Any CPU
		{3805E580-3D8F-487D-B8E6-42C10E3BEABE}.Release|x86.Build.0 = Release|Any CPU
	EndGlobalSection
	GlobalSection(SolutionProperties) = preSolution
		HideSolutionNode = FALSE
	EndGlobalSection
	GlobalSection(NestedProjects) = preSolution
		{00369689-6804-4350-8A48-482BCBDBC3A3} = {827E0CD3-B72D-47B6-A68D-7590B98EB39B}
		{57D7674A-7054-4359-9B35-07B2AB4DD4F6} = {827E0CD3-B72D-47B6-A68D-7590B98EB39B}
		{FA8BFF79-839A-7C9F-4835-58A8D29B3EE7} = {827E0CD3-B72D-47B6-A68D-7590B98EB39B}
		{D1B4CF99-7947-DD6C-81D0-5B5B3989814C} = {827E0CD3-B72D-47B6-A68D-7590B98EB39B}
		{66F5E3C5-DE44-4269-8256-F35FE1E4DC90} = {D1B4CF99-7947-DD6C-81D0-5B5B3989814C}
		{C8388584-E35C-4AE9-A1F3-BC6E56A00F39} = {D1B4CF99-7947-DD6C-81D0-5B5B3989814C}
		{91DB1462-2A7A-C3EC-22CB-16D94699C829} = {D1B4CF99-7947-DD6C-81D0-5B5B3989814C}
		{D362BF47-7A16-1187-7CFD-2213D496CB3B} = {D1B4CF99-7947-DD6C-81D0-5B5B3989814C}
		{99C68548-C281-5476-0D4D-DDFD7C8A6E30} = {D1B4CF99-7947-DD6C-81D0-5B5B3989814C}
		{3805E580-3D8F-487D-B8E6-42C10E3BEABE} = {D1B4CF99-7947-DD6C-81D0-5B5B3989814C}
	EndGlobalSection
	GlobalSection(ExtensibilityGlobals) = postSolution
		SolutionGuid = {E2588E6B-02A4-483A-8F34-4F260717E632}
	EndGlobalSection
EndGlobal
